// !$*UTF8*$!
{
	archiveVersion = 1;
	classes = {
	};
	objectVersion = 50;
	objects = {

/* Begin PBXBuildFile section */
		5543B0AD235954AA00506A59 /* AppDelegate.m in Sources */ = {isa = PBXBuildFile; fileRef = 5543B0AC235954AA00506A59 /* AppDelegate.m */; };
		5543B0B0235954AA00506A59 /* ViewController.m in Sources */ = {isa = PBXBuildFile; fileRef = 5543B0AF235954AA00506A59 /* ViewController.m */; };
		5543B0B3235954AA00506A59 /* Main.storyboard in Resources */ = {isa = PBXBuildFile; fileRef = 5543B0B1235954AA00506A59 /* Main.storyboard */; };
		5543B0B6235954AA00506A59 /* AESDemo.xcdatamodeld in Sources */ = {isa = PBXBuildFile; fileRef = 5543B0B4235954AA00506A59 /* AESDemo.xcdatamodeld */; };
		5543B0B8235954AB00506A59 /* Assets.xcassets in Resources */ = {isa = PBXBuildFile; fileRef = 5543B0B7235954AB00506A59 /* Assets.xcassets */; };
		5543B0BB235954AB00506A59 /* LaunchScreen.storyboard in Resources */ = {isa = PBXBuildFile; fileRef = 5543B0B9235954AB00506A59 /* LaunchScreen.storyboard */; };
		5543B0BE235954AB00506A59 /* main.m in Sources */ = {isa = PBXBuildFile; fileRef = 5543B0BD235954AB00506A59 /* main.m */; };
		5543B0C6235954E200506A59 /* LanAES.m in Sources */ = {isa = PBXBuildFile; fileRef = 5543B0C4235954E200506A59 /* LanAES.m */; };
/* End PBXBuildFile section */

/* Begin PBXFileReference section */
		5543B0A8235954AA00506A59 /* AESDemo.app */ = {isa = PBXFileReference; explicitFileType = wrapper.application; includeInIndex = 0; path = AESDemo.app; sourceTree = BUILT_PRODUCTS_DIR; };
		5543B0AB235954AA00506A59 /* AppDelegate.h */ = {isa = PBXFileReference; lastKnownFileType = sourcecode.c.h; path = AppDelegate.h; sourceTree = "<group>"; };
		5543B0AC235954AA00506A59 /* AppDelegate.m */ = {isa = PBXFileReference; lastKnownFileType = sourcecode.c.objc; path = AppDelegate.m; sourceTree = "<group>"; };
		5543B0AE235954AA00506A59 /* ViewController.h */ = {isa = PBXFileReference; lastKnownFileType = sourcecode.c.h; path = ViewController.h; sourceTree = "<group>"; };
		5543B0AF235954AA00506A59 /* ViewController.m */ = {isa = PBXFileReference; lastKnownFileType = sourcecode.c.objc; path = ViewController.m; sourceTree = "<group>"; };
		5543B0B2235954AA00506A59 /* Base */ = {isa = PBXFileReference; lastKnownFileType = file.storyboard; name = Base; path = Base.lproj/Main.storyboard; sourceTree = "<group>"; };
		5543B0B5235954AA00506A59 /* AESDemo.xcdatamodel */ = {isa = PBXFileReference; lastKnownFileType = wrapper.xcdatamodel; path = AESDemo.xcdatamodel; sourceTree = "<group>"; };
		5543B0B7235954AB00506A59 /* Assets.xcassets */ = {isa = PBXFileReference; lastKnownFileType = folder.assetcatalog; path = Assets.xcassets; sourceTree = "<group>"; };
		5543B0BA235954AB00506A59 /* Base */ = {isa = PBXFileReference; lastKnownFileType = file.storyboard; name = Base; path = Base.lproj/LaunchScreen.storyboard; sourceTree = "<group>"; };
		5543B0BC235954AB00506A59 /* Info.plist */ = {isa = PBXFileReference; lastKnownFileType = text.plist.xml; path = Info.plist; sourceTree = "<group>"; };
		5543B0BD235954AB00506A59 /* main.m */ = {isa = PBXFileReference; lastKnownFileType = sourcecode.c.objc; path = main.m; sourceTree = "<group>"; };
		5543B0C4235954E200506A59 /* LanAES.m */ = {isa = PBXFileReference; fileEncoding = 4; lastKnownFileType = sourcecode.c.objc; path = LanAES.m; sourceTree = "<group>"; };
		5543B0C5235954E200506A59 /* LanAES.h */ = {isa = PBXFileReference; fileEncoding = 4; lastKnownFileType = sourcecode.c.h; path = LanAES.h; sourceTree = "<group>"; };
/* End PBXFileReference section */

/* Begin PBXFrameworksBuildPhase section */
		5543B0A5235954AA00506A59 /* Frameworks */ = {
			isa = PBXFrameworksBuildPhase;
			buildActionMask = 2147483647;
			files = (
			);
			runOnlyForDeploymentPostprocessing = 0;
		};
/* End PBXFrameworksBuildPhase section */

/* Begin PBXGroup section */
		5543B09F235954AA00506A59 = {
			isa = PBXGroup;
			children = (
				5543B0AA235954AA00506A59 /* AESDemo */,
				5543B0A9235954AA00506A59 /* Products */,
			);
			sourceTree = "<group>";
		};
		5543B0A9235954AA00506A59 /* Products */ = {
			isa = PBXGroup;
			children = (
				5543B0A8235954AA00506A59 /* AESDemo.app */,
			);
			name = Products;
			sourceTree = "<group>";
		};
		5543B0AA235954AA00506A59 /* AESDemo */ = {
			isa = PBXGroup;
			children = (
				5543B0AB235954AA00506A59 /* AppDelegate.h */,
				5543B0AC235954AA00506A59 /* AppDelegate.m */,
				5543B0AE235954AA00506A59 /* ViewController.h */,
				5543B0AF235954AA00506A59 /* ViewController.m */,
				5543B0C5235954E200506A59 /* LanAES.h */,
				5543B0C4235954E200506A59 /* LanAES.m */,
				5543B0B1235954AA00506A59 /* Main.storyboard */,
				5543B0B7235954AB00506A59 /* Assets.xcassets */,
				5543B0B9235954AB00506A59 /* LaunchScreen.storyboard */,
				5543B0BC235954AB00506A59 /* Info.plist */,
				5543B0BD235954AB00506A59 /* main.m */,
				5543B0B4235954AA00506A59 /* AESDemo.xcdatamodeld */,
			);
			path = AESDemo;
			sourceTree = "<group>";
		};
/* End PBXGroup section */

/* Begin PBXNativeTarget section */
		5543B0A7235954AA00506A59 /* AESDemo */ = {
			isa = PBXNativeTarget;
			buildConfigurationList = 5543B0C1235954AB00506A59 /* Build configuration list for PBXNativeTarget "AESDemo" */;
			buildPhases = (
				5543B0A4235954AA00506A59 /* Sources */,
				5543B0A5235954AA00506A59 /* Frameworks */,
				5543B0A6235954AA00506A59 /* Resources */,
			);
			buildRules = (
			);
			dependencies = (
			);
			name = AESDemo;
			productName = AESDemo;
			productReference = 5543B0A8235954AA00506A59 /* AESDemo.app */;
			productType = "com.apple.product-type.application";
		};
/* End PBXNativeTarget section */

/* Begin PBXProject section */
		5543B0A0235954AA00506A59 /* Project object */ = {
			isa = PBXProject;
			attributes = {
				LastUpgradeCheck = 1010;
				ORGANIZATIONNAME = gallon;
				TargetAttributes = {
					5543B0A7235954AA00506A59 = {
						CreatedOnToolsVersion = 10.1;
					};
				};
			};
			buildConfigurationList = 5543B0A3235954AA00506A59 /* Build configuration list for PBXProject "AESDemo" */;
			compatibilityVersion = "Xcode 9.3";
			developmentRegion = en;
			hasScannedForEncodings = 0;
			knownRegions = (
				en,
				Base,
			);
			mainGroup = 5543B09F235954AA00506A59;
			productRefGroup = 5543B0A9235954AA00506A59 /* Products */;
			projectDirPath = "";
			projectRoot = "";
			targets = (
				5543B0A7235954AA00506A59 /* AESDemo */,
			);
		};
/* End PBXProject section */

/* Begin PBXResourcesBuildPhase section */
		5543B0A6235954AA00506A59 /* Resources */ = {
			isa = PBXResourcesBuildPhase;
			buildActionMask = 2147483647;
			files = (
				5543B0BB235954AB00506A59 /* LaunchScreen.storyboard in Resources */,
				5543B0B8235954AB00506A59 /* Assets.xcassets in Resources */,
				5543B0B3235954AA00506A59 /* Main.storyboard in Resources */,
			);
			runOnlyForDeploymentPostprocessing = 0;
		};
/* End PBXResourcesBuildPhase section */

/* Begin PBXSourcesBuildPhase section */
		5543B0A4235954AA00506A59 /* Sources */ = {
			isa = PBXSourcesBuildPhase;
			buildActionMask = 2147483647;
			files = (
				5543B0B0235954AA00506A59 /* ViewController.m in Sources */,
				5543B0AD235954AA00506A59 /* AppDelegate.m in Sources */,
				5543B0BE235954AB00506A59 /* main.m in Sources */,
				5543B0B6235954AA00506A59 /* AESDemo.xcdatamodeld in Sources */,
				5543B0C6235954E200506A59 /* LanAES.m in Sources */,
			);
			runOnlyForDeploymentPostprocessing = 0;
		};
/* End PBXSourcesBuildPhase section */

/* Begin PBXVariantGroup section */
		5543B0B1235954AA00506A59 /* Main.storyboard */ = {
			isa = PBXVariantGroup;
			children = (
				5543B0B2235954AA00506A59 /* Base */,
			);
			name = Main.storyboard;
			sourceTree = "<group>";
		};
		5543B0B9235954AB00506A59 /* LaunchScreen.storyboard */ = {
			isa = PBXVariantGroup;
			children = (
				5543B0BA235954AB00506A59 /* Base */,
			);
			name = LaunchScreen.storyboard;
			sourceTree = "<group>";
		};
/* End PBXVariantGroup section */

/* Begin XCBuildConfiguration section */
		5543B0BF235954AB00506A59 /* Debug */ = {
			isa = XCBuildConfiguration;
			buildSettings = {
				ALWAYS_SEARCH_USER_PATHS = NO;
				CLANG_ANALYZER_NONNULL = YES;
				CLANG_ANALYZER_NUMBER_OBJECT_CONVERSION = YES_AGGRESSIVE;
				CLANG_CXX_LANGUAGE_STANDARD = "gnu++14";
				CLANG_CXX_LIBRARY = "libc++";
				CLANG_ENABLE_MODULES = YES;
				CLANG_ENABLE_OBJC_ARC = YES;
				CLANG_ENABLE_OBJC_WEAK = YES;
				CLANG_WARN_BLOCK_CAPTURE_AUTORELEASING = YES;
				CLANG_WARN_BOOL_CONVERSION = YES;
				CLANG_WARN_COMMA = YES;
				CLANG_WARN_CONSTANT_CONVERSION = YES;
				CLANG_WARN_DEPRECATED_OBJC_IMPLEMENTATIONS = YES;
				CLANG_WARN_DIRECT_OBJC_ISA_USAGE = YES_ERROR;
				CLANG_WARN_DOCUMENTATION_COMMENTS = YES;
				CLANG_WARN_EMPTY_BODY = YES;
				CLANG_WARN_ENUM_CONVERSION = YES;
				CLANG_WARN_INFINITE_RECURSION = YES;
				CLANG_WARN_INT_CONVERSION = YES;
				CLANG_WARN_NON_LITERAL_NULL_CONVERSION = YES;
				CLANG_WARN_OBJC_IMPLICIT_RETAIN_SELF = YES;
				CLANG_WARN_OBJC_LITERAL_CONVERSION = YES;
				CLANG_WARN_OBJC_ROOT_CLASS = YES_ERROR;
				CLANG_WARN_RANGE_LOOP_ANALYSIS = YES;
				CLANG_WARN_STRICT_PROTOTYPES = YES;
				CLANG_WARN_SUSPICIOUS_MOVE = YES;
				CLANG_WARN_UNGUARDED_AVAILABILITY = YES_AGGRESSIVE;
				CLANG_WARN_UNREACHABLE_CODE = YES;
				CLANG_WARN__DUPLICATE_METHOD_MATCH = YES;
				CODE_SIGN_IDENTITY = "iPhone Developer";
				COPY_PHASE_STRIP = NO;
				DEBUG_INFORMATION_FORMAT = dwarf;
				ENABLE_STRICT_OBJC_MSGSEND = YES;
				ENABLE_TESTABILITY = YES;
				GCC_C_LANGUAGE_STANDARD = gnu11;
				GCC_DYNAMIC_NO_PIC = NO;
				GCC_NO_COMMON_BLOCKS = YES;
				GCC_OPTIMIZATION_LEVEL = 0;
				GCC_PREPROCESSOR_DEFINITIONS = (
					"DEBUG=1",
					"$(inherited)",
				);
				GCC_WARN_64_TO_32_BIT_CONVERSION = YES;
				GCC_WARN_ABOUT_RETURN_TYPE = YES_ERROR;
				GCC_WARN_UNDECLARED_SELECTOR = YES;
				GCC_WARN_UNINITIALIZED_AUTOS = YES_AGGRESSIVE;
				GCC_WARN_UNUSED_FUNCTION = YES;
				GCC_WARN_UNUSED_VARIABLE = YES;
				IPHONEOS_DEPLOYMENT_TARGET = 12.1;
				MTL_ENABLE_DEBUG_INFO = INCLUDE_SOURCE;
				MTL_FAST_MATH = YES;
				ONLY_ACTIVE_ARCH = YES;
				SDKROOT = iphoneos;
			};
			name = Debug;
		};
		5543B0C0235954AB00506A59 /* Release */ = {
			isa = XCBuildConfiguration;
			buildSettings = {
				ALWAYS_SEARCH_USER_PATHS = NO;
				CLANG_ANALYZER_NONNULL = YES;
				CLANG_ANALYZER_NUMBER_OBJECT_CONVERSION = YES_AGGRESSIVE;
				CLANG_CXX_LANGUAGE_STANDARD = "gnu++14";
				CLANG_CXX_LIBRARY = "libc++";
				CLANG_ENABLE_MODULES = YES;
				CLANG_ENABLE_OBJC_ARC = YES;
				CLANG_ENABLE_OBJC_WEAK = YES;
				CLANG_WARN_BLOCK_CAPTURE_AUTORELEASING = YES;
				CLANG_WARN_BOOL_CONVERSION = YES;
				CLANG_WARN_COMMA = YES;
				CLANG_WARN_CONSTANT_CONVERSION = YES;
				CLANG_WARN_DEPRECATED_OBJC_IMPLEMENTATIONS = YES;
				CLANG_WARN_DIRECT_OBJC_ISA_USAGE = YES_ERROR;
				CLANG_WARN_DOCUMENTATION_COMMENTS = YES;
				CLANG_WARN_EMPTY_BODY = YES;
				CLANG_WARN_ENUM_CONVERSION = YES;
				CLANG_WARN_INFINITE_RECURSION = YES;
				CLANG_WARN_INT_CONVERSION = YES;
				CLANG_WARN_NON_LITERAL_NULL_CONVERSION = YES;
				CLANG_WARN_OBJC_IMPLICIT_RETAIN_SELF = YES;
				CLANG_WARN_OBJC_LITERAL_CONVERSION = YES;
				CLANG_WARN_OBJC_ROOT_CLASS = YES_ERROR;
				CLANG_WARN_RANGE_LOOP_ANALYSIS = YES;
				CLANG_WARN_STRICT_PROTOTYPES = YES;
				CLANG_WARN_SUSPICIOUS_MOVE = YES;
				CLANG_WARN_UNGUARDED_AVAILABILITY = YES_AGGRESSIVE;
				CLANG_WARN_UNREACHABLE_CODE = YES;
				CLANG_WARN__DUPLICATE_METHOD_MATCH = YES;
				CODE_SIGN_IDENTITY = "iPhone Developer";
				COPY_PHASE_STRIP = NO;
				DEBUG_INFORMATION_FORMAT = "dwarf-with-dsym";
				ENABLE_NS_ASSERTIONS = NO;
				ENABLE_STRICT_OBJC_MSGSEND = YES;
				GCC_C_LANGUAGE_STANDARD = gnu11;
				GCC_NO_COMMON_BLOCKS = YES;
				GCC_WARN_64_TO_32_BIT_CONVERSION = YES;
				GCC_WARN_ABOUT_RETURN_TYPE = YES_ERROR;
				GCC_WARN_UNDECLARED_SELECTOR = YES;
				GCC_WARN_UNINITIALIZED_AUTOS = YES_AGGRESSIVE;
				GCC_WARN_UNUSED_FUNCTION = YES;
				GCC_WARN_UNUSED_VARIABLE = YES;
				IPHONEOS_DEPLOYMENT_TARGET = 12.1;
				MTL_ENABLE_DEBUG_INFO = NO;
				MTL_FAST_MATH = YES;
				SDKROOT = iphoneos;
				VALIDATE_PRODUCT = YES;
			};
			name = Release;
		};
		5543B0C2235954AB00506A59 /* Debug */ = {
			isa = XCBuildConfiguration;
			buildSettings = {
				ASSETCATALOG_COMPILER_APPICON_NAME = AppIcon;
				CODE_SIGN_STYLE = Automatic;
				DEVELOPMENT_TEAM = 48V5PWW5RH;
				INFOPLIST_FILE = AESDemo/Info.plist;
				IPHONEOS_DEPLOYMENT_TARGET = 9.0;
				LD_RUNPATH_SEARCH_PATHS = (
					"$(inherited)",
					"@executable_path/Frameworks",
				);
				PRODUCT_BUNDLE_IDENTIFIER = com.Massky.AESDemo;
				PRODUCT_NAME = "$(TARGET_NAME)";
				TARGETED_DEVICE_FAMILY = "1,2";
			};
			name = Debug;
		};
		5543B0C3235954AB00506A59 /* Release */ = {
			isa = XCBuildConfiguration;
			buildSettings = {
				ASSETCATALOG_COMPILER_APPICON_NAME = AppIcon;
				CODE_SIGN_STYLE = Automatic;
				DEVELOPMENT_TEAM = 48V5PWW5RH;
				INFOPLIST_FILE = AESDemo/Info.plist;
				IPHONEOS_DEPLOYMENT_TARGET = 9.0;
				LD_RUNPATH_SEARCH_PATHS = (
					"$(inherited)",
					"@executable_path/Frameworks",
				);
				PRODUCT_BUNDLE_IDENTIFIER = com.Massky.AESDemo;
				PRODUCT_NAME = "$(TARGET_NAME)";
				TARGETED_DEVICE_FAMILY = "1,2";
			};
			name = Release;
		};
/* End XCBuildConfiguration section */

/* Begin XCConfigurationList section */
		5543B0A3235954AA00506A59 /* Build configuration list for PBXProject "AESDemo" */ = {
			isa = XCConfigurationList;
			buildConfigurations = (
				5543B0BF235954AB00506A59 /* Debug */,
				5543B0C0235954AB00506A59 /* Release */,
			);
			defaultConfigurationIsVisible = 0;
			defaultConfigurationName = Release;
		};
		5543B0C1235954AB00506A59 /* Build configuration list for PBXNativeTarget "AESDemo" */ = {
			isa = XCConfigurationList;
			buildConfigurations = (
				5543B0C2235954AB00506A59 /* Debug */,
				5543B0C3235954AB00506A59 /* Release */,
			);
			defaultConfigurationIsVisible = 0;
			defaultConfigurationName = Release;
		};
/* End XCConfigurationList section */

/* Begin XCVersionGroup section */
		5543B0B4235954AA00506A59 /* AESDemo.xcdatamodeld */ = {
			isa = XCVersionGroup;
			children = (
				5543B0B5235954AA00506A59 /* AESDemo.xcdatamodel */,
			);
			currentVersion = 5543B0B5235954AA00506A59 /* AESDemo.xcdatamodel */;
			path = AESDemo.xcdatamodeld;
			sourceTree = "<group>";
			versionGroupType = wrapper.xcdatamodel;
		};
/* End XCVersionGroup section */
	};
	rootObject = 5543B0A0235954AA00506A59 /* Project object */;
}
